
Microsoft Visual Studio Solution File, Format Version 12.00
# Visual Studio Version 17
VisualStudioVersion = 17.5.33530.505
MinimumVisualStudioVersion = 10.0.40219.1
Project("{9A19103F-16F7-4668-BE54-9A1E7A4F7556}") = "KJBTech.Livestorm", "src\KJBTech.Livestorm\KJBTech.Livestorm.csproj", "{F51E9B9F-BA9E-49B5-9FA9-B2F7BBDD5936}"
EndProject
Project("{9A19103F-16F7-4668-BE54-9A1E7A4F7556}") = "KJBTech.Livestorm.IntegrationTests", "tests\KJBTech.Livestorm.IntegrationTests\KJBTech.Livestorm.IntegrationTests.csproj", "{7EAF19D8-FE12-4194-93A2-FFD882A28C5C}"
EndProject
Project("{2150E333-8FDC-42A3-9474-1A3956D46DE8}") = "Solution Items", "Solution Items", "{2DB70165-52E9-4713-8B2B-11E82F31010C}"
	ProjectSection(SolutionItems) = preProject
		.editorconfig = .editorconfig
		Directory.Build.Props = Directory.Build.Props
		.github\workflows\linter.yml = .github\workflows\linter.yml
		.github\workflows\publish.yml = .github\workflows\publish.yml
	EndProjectSection
EndProject
Global
	GlobalSection(SolutionConfigurationPlatforms) = preSolution
		Debug|Any CPU = Debug|Any CPU
		Release|Any CPU = Release|Any CPU
	EndGlobalSection
	GlobalSection(ProjectConfigurationPlatforms) = postSolution
		{F51E9B9F-BA9E-49B5-9FA9-B2F7BBDD5936}.Debug|Any CPU.ActiveCfg = Debug|Any CPU
		{F51E9B9F-BA9E-49B5-9FA9-B2F7BBDD5936}.Debug|Any CPU.Build.0 = Debug|Any CPU
		{F51E9B9F-BA9E-49B5-9FA9-B2F7BBDD5936}.Release|Any CPU.ActiveCfg = Release|Any CPU
		{F51E9B9F-BA9E-49B5-9FA9-B2F7BBDD5936}.Release|Any CPU.Build.0 = Release|Any CPU
		{7EAF19D8-FE12-4194-93A2-FFD882A28C5C}.Debug|Any CPU.ActiveCfg = Debug|Any CPU
		{7EAF19D8-FE12-4194-93A2-FFD882A28C5C}.Debug|Any CPU.Build.0 = Debug|Any CPU
		{7EAF19D8-FE12-4194-93A2-FFD882A28C5C}.Release|Any CPU.ActiveCfg = Release|Any CPU
		{7EAF19D8-FE12-4194-93A2-FFD882A28C5C}.Release|Any CPU.Build.0 = Release|Any CPU
	EndGlobalSection
	GlobalSection(SolutionProperties) = preSolution
		HideSolutionNode = FALSE
	EndGlobalSection
	GlobalSection(ExtensibilityGlobals) = postSolution
		SolutionGuid = {5F440251-A234-4E30-B840-461AEE0FF0C8}
	EndGlobalSection
EndGlobal
